
Microsoft Visual Studio Solution File, Format Version 12.00
# Visual Studio Version 17
VisualStudioVersion = 17.8.34511.84
MinimumVisualStudioVersion = 10.0.40219.1
Project("{9A19103F-16F7-4668-BE54-9A1E7A4F7556}") = "AutomaticClimateControlSystem", "AutomaticClimateControlSystem\AutomaticClimateControlSystem.csproj", "{CA8E2B79-C3DD-43BD-9AC6-7CC22E8F67AC}"
EndProject
Project("{FAE04EC0-301F-11D3-BF4B-00C04F79EFBC}") = "Driver", "Driver\Driver.csproj", "{9C74A5B5-DFD4-4E28-8961-FC33334E88D4}"
EndProject
Project("{FAE04EC0-301F-11D3-BF4B-00C04F79EFBC}") = "ISubscriberLib", "ISubscriberLib\ISubscriberLib.csproj", "{18BF2456-E185-48F5-9649-441F76ED7AEE}"
EndProject
Project("{FAE04EC0-301F-11D3-BF4B-00C04F79EFBC}") = "ECUAdapterLib", "ECUAdapterLib\ECUAdapterLib.csproj", "{C9320FB9-F12E-4A0F-A038-F9892768B194}"
EndProject
Project("{FAE04EC0-301F-11D3-BF4B-00C04F79EFBC}") = "TempCalculatorLib", "TempCalculatorLib\TempCalculatorLib.csproj", "{05D7EF10-511A-4D20-8809-602A81AB0B39}"
EndProject
Project("{FAE04EC0-301F-11D3-BF4B-00C04F79EFBC}") = "InbuiltCarComponentsLib", "InbuiltCarComponentsLib\InbuiltCarComponentsLib.csproj", "{1F61C412-F85F-4043-8E57-2BF0707F9C66}"
EndProject
Global
	GlobalSection(SolutionConfigurationPlatforms) = preSolution
		Debug|Any CPU = Debug|Any CPU
		Release|Any CPU = Release|Any CPU
	EndGlobalSection
	GlobalSection(ProjectConfigurationPlatforms) = postSolution
		{CA8E2B79-C3DD-43BD-9AC6-7CC22E8F67AC}.Debug|Any CPU.ActiveCfg = Debug|Any CPU
		{CA8E2B79-C3DD-43BD-9AC6-7CC22E8F67AC}.Debug|Any CPU.Build.0 = Debug|Any CPU
		{CA8E2B79-C3DD-43BD-9AC6-7CC22E8F67AC}.Release|Any CPU.ActiveCfg = Release|Any CPU
		{CA8E2B79-C3DD-43BD-9AC6-7CC22E8F67AC}.Release|Any CPU.Build.0 = Release|Any CPU
		{9C74A5B5-DFD4-4E28-8961-FC33334E88D4}.Debug|Any CPU.ActiveCfg = Debug|Any CPU
		{9C74A5B5-DFD4-4E28-8961-FC33334E88D4}.Debug|Any CPU.Build.0 = Debug|Any CPU
		{9C74A5B5-DFD4-4E28-8961-FC33334E88D4}.Release|Any CPU.ActiveCfg = Release|Any CPU
		{9C74A5B5-DFD4-4E28-8961-FC33334E88D4}.Release|Any CPU.Build.0 = Release|Any CPU
		{18BF2456-E185-48F5-9649-441F76ED7AEE}.Debug|Any CPU.ActiveCfg = Debug|Any CPU
		{18BF2456-E185-48F5-9649-441F76ED7AEE}.Debug|Any CPU.Build.0 = Debug|Any CPU
		{18BF2456-E185-48F5-9649-441F76ED7AEE}.Release|Any CPU.ActiveCfg = Release|Any CPU
		{18BF2456-E185-48F5-9649-441F76ED7AEE}.Release|Any CPU.Build.0 = Release|Any CPU
		{C9320FB9-F12E-4A0F-A038-F9892768B194}.Debug|Any CPU.ActiveCfg = Debug|Any CPU
		{C9320FB9-F12E-4A0F-A038-F9892768B194}.Debug|Any CPU.Build.0 = Debug|Any CPU
		{C9320FB9-F12E-4A0F-A038-F9892768B194}.Release|Any CPU.ActiveCfg = Release|Any CPU
		{C9320FB9-F12E-4A0F-A038-F9892768B194}.Release|Any CPU.Build.0 = Release|Any CPU
		{05D7EF10-511A-4D20-8809-602A81AB0B39}.Debug|Any CPU.ActiveCfg = Debug|Any CPU
		{05D7EF10-511A-4D20-8809-602A81AB0B39}.Debug|Any CPU.Build.0 = Debug|Any CPU
		{05D7EF10-511A-4D20-8809-602A81AB0B39}.Release|Any CPU.ActiveCfg = Release|Any CPU
		{05D7EF10-511A-4D20-8809-602A81AB0B39}.Release|Any CPU.Build.0 = Release|Any CPU
		{1F61C412-F85F-4043-8E57-2BF0707F9C66}.Debug|Any CPU.ActiveCfg = Debug|Any CPU
		{1F61C412-F85F-4043-8E57-2BF0707F9C66}.Debug|Any CPU.Build.0 = Debug|Any CPU
		{1F61C412-F85F-4043-8E57-2BF0707F9C66}.Release|Any CPU.ActiveCfg = Release|Any CPU
		{1F61C412-F85F-4043-8E57-2BF0707F9C66}.Release|Any CPU.Build.0 = Release|Any CPU
	EndGlobalSection
	GlobalSection(SolutionProperties) = preSolution
		HideSolutionNode = FALSE
	EndGlobalSection
	GlobalSection(ExtensibilityGlobals) = postSolution
		SolutionGuid = {75AC02F3-BE1F-4629-8BA6-4E83EBE497B7}
	EndGlobalSection
EndGlobal
